# appenv-requirements-hash: d5e055b30f71411d8e403d1fd84acc7e0703c310bf45a7be18bb2bb244c44ac5
-e .[test]
MarkupSafe==3.0.2
PasteDeploy==3.1.0
WebOb==1.8.9
WebTest==3.0.4
Werkzeug==3.1.3
beautifulsoup4==4.13.3
certifi==2025.1.31
coverage==7.6.12
elastic-apm==6.7.2
exceptiongroup==1.2.2
execnet==2.1.1
hupper==1.12.1
iniconfig==2.0.0
packaging==24.2
plaster-pastedeploy==1.0.1
plaster==1.1.2
pluggy==1.5.0
pyramid==2.0.2
pytest-cache==1.0
pytest-cov==6.0.0
pytest-localserver==0.9.0.post0
pytest-rerunfailures==15.0
pytest-sugar==1.0.0
pytest==8.3.4
soupsieve==2.6
termcolor==2.5.0
tomli==2.2.1
translationstring==1.4
typing_extensions==4.12.2
urllib3==2.3.0
venusian==3.1.1
waitress==3.0.2
zope.deprecation==5.1
zope.interface==7.2
