# appenv-requirements-hash: 4773a05f0f6eae2c63b9814d8d9c9c3b64ea9eae659c310ccc47babff68d24df
-e .[test]
MarkupSafe==2.1.3
PasteDeploy==3.1.0
WebOb==1.8.7
WebTest==3.0.0
Werkzeug==3.0.1
beautifulsoup4==4.12.2
certifi==2023.11.17
coverage==7.4.0
elastic-apm==6.7.2
exceptiongroup==1.2.0
execnet==2.0.2
hupper==1.12
iniconfig==2.0.0
packaging==23.2
plaster-pastedeploy==1.0.1
plaster==1.1.2
pluggy==1.3.0
pyramid==2.0.2
pytest-cache==1.0
pytest-cov==4.1.0
pytest-localserver==0.8.1
pytest-rerunfailures==13.0
pytest-sugar==0.9.7
pytest==7.4.4
soupsieve==2.5
termcolor==2.4.0
tomli==2.0.1
translationstring==1.4
urllib3==2.1.0
venusian==3.1.0
waitress==2.1.2
zope.deprecation==5.0
zope.interface==6.1
